
Microsoft Visual Studio Solution File, Format Version 12.00
# Visual Studio Version 17
VisualStudioVersion = 17.6.33829.357
MinimumVisualStudioVersion = 10.0.40219.1
Project("{FAE04EC0-301F-11D3-BF4B-00C04F79EFBC}") = "WebApplication1", "WebApplication1.csproj", "{21C51B72-0574-4464-9586-C57D8D252B3A}"
EndProject
Global
	GlobalSection(SolutionConfigurationPlatforms) = preSolution
		Debug|Any CPU = Debug|Any CPU
		Release|Any CPU = Release|Any CPU
	EndGlobalSection
	GlobalSection(ProjectConfigurationPlatforms) = postSolution
		{21C51B72-0574-4464-9586-C57D8D252B3A}.Debug|Any CPU.ActiveCfg = Debug|Any CPU
		{21C51B72-0574-4464-9586-C57D8D252B3A}.Debug|Any CPU.Build.0 = Debug|Any CPU
		{21C51B72-0574-4464-9586-C57D8D252B3A}.Release|Any CPU.ActiveCfg = Release|Any CPU
		{21C51B72-0574-4464-9586-C57D8D252B3A}.Release|Any CPU.Build.0 = Release|Any CPU
	EndGlobalSection
	GlobalSection(SolutionProperties) = preSolution
		HideSolutionNode = FALSE
	EndGlobalSection
	GlobalSection(ExtensibilityGlobals) = postSolution
		SolutionGuid = {EC4686D1-6743-47DB-B033-6526C5232983}
	EndGlobalSection
EndGlobal
